
Microsoft Visual Studio Solution File, Format Version 12.00
# Visual Studio Version 16
VisualStudioVersion = 16.0.34729.46
MinimumVisualStudioVersion = 10.0.40219.1
Project("{FAE04EC0-301F-11D3-BF4B-00C04F79EFBC}") = "Iterator", "Iterator\Iterator.csproj", "{F122F275-9055-4622-AE1D-E354881FA57D}"
EndProject
Global
	GlobalSection(SolutionConfigurationPlatforms) = preSolution
		Debug|Any CPU = Debug|Any CPU
		Release|Any CPU = Release|Any CPU
	EndGlobalSection
	GlobalSection(ProjectConfigurationPlatforms) = postSolution
		{F122F275-9055-4622-AE1D-E354881FA57D}.Debug|Any CPU.ActiveCfg = Debug|Any CPU
		{F122F275-9055-4622-AE1D-E354881FA57D}.Debug|Any CPU.Build.0 = Debug|Any CPU
		{F122F275-9055-4622-AE1D-E354881FA57D}.Release|Any CPU.ActiveCfg = Release|Any CPU
		{F122F275-9055-4622-AE1D-E354881FA57D}.Release|Any CPU.Build.0 = Release|Any CPU
	EndGlobalSection
	GlobalSection(SolutionProperties) = preSolution
		HideSolutionNode = FALSE
	EndGlobalSection
	GlobalSection(ExtensibilityGlobals) = postSolution
		SolutionGuid = {801B18DC-D11A-4CD2-9A24-86346A3FA44F}
	EndGlobalSection
EndGlobal
