
Microsoft Visual Studio Solution File, Format Version 12.00
# Visual Studio Version 16
VisualStudioVersion = 16.0.810.25
MinimumVisualStudioVersion = 10.0.40219.1
Project("{FAE04EC0-301F-11D3-BF4B-00C04F79EFBC}") = "template", "template\template.csproj", "{9BD6686E-27E7-4058-8360-390D6BD90BB2}"
EndProject
Global
	GlobalSection(SolutionConfigurationPlatforms) = preSolution
		Debug|anycpu = Debug|anycpu
		Release|anycpu = Release|anycpu
	EndGlobalSection
	GlobalSection(ProjectConfigurationPlatforms) = postSolution
		{9BD6686E-27E7-4058-8360-390D6BD90BB2}.Debug|anycpu.ActiveCfg = Debug|anycpu
		{9BD6686E-27E7-4058-8360-390D6BD90BB2}.Debug|anycpu.Build.0 = Debug|anycpu
		{9BD6686E-27E7-4058-8360-390D6BD90BB2}.Release|anycpu.ActiveCfg = Release|anycpu
		{9BD6686E-27E7-4058-8360-390D6BD90BB2}.Release|anycpu.Build.0 = Release|anycpu
	EndGlobalSection
	GlobalSection(SolutionProperties) = preSolution
		HideSolutionNode = FALSE
	EndGlobalSection
	GlobalSection(ExtensibilityGlobals) = postSolution
		SolutionGuid = {21B689C0-D5C2-44C1-A44D-6D0AFF572D7A}
	EndGlobalSection
EndGlobal
